{
    "_readme": [
        "This file locks the dependencies of your project to a known state",
        "Read more about it at https://getcomposer.org/doc/01-basic-usage.md#installing-dependencies",
        "This file is @generated automatically"
    ],
    "content-hash": "3dc6c316569e7027cd0c87de315740a4",
    "packages": [
        {
            "name": "georgechem/captcha",
            "version": "v1.0.1",
            "source": {
                "type": "git",
                "url": "https://github.com/georgechem/packagist-captcha.git",
                "reference": "fc12831fe8fd62b6a32fb459597c15019ab8b3c7"
            },
            "dist": {
                "type": "zip",
                "url": "https://api.github.com/repos/georgechem/packagist-captcha/zipball/fc12831fe8fd62b6a32fb459597c15019ab8b3c7",
                "reference": "fc12831fe8fd62b6a32fb459597c15019ab8b3c7",
                "shasum": ""
            },
            "require": {
                "php": ">=8.0.0"
            },
            "type": "library",
            "autoload": {
                "psr-4": {
                    "Georgechem\\Captcha\\": "src/"
                }
            },
            "notification-url": "https://packagist.org/downloads/",
            "license": [
                "MIT"
            ],
            "authors": [
                {
                    "name": "Grzegorz Chrymecki",
                    "email": "grzegorzchrymecki@gmail.com"
                }
            ],
            "description": "Captcha verification",
            "support": {
                "issues": "https://github.com/georgechem/packagist-captcha/issues",
                "source": "https://github.com/georgechem/packagist-captcha/tree/v1.0.1"
            },
            "time": "2021-10-25T18:30:30+00:00"
        }
    ],
    "packages-dev": [],
    "aliases": [],
    "minimum-stability": "stable",
    "stability-flags": [],
    "prefer-stable": false,
    "prefer-lowest": false,
    "platform": {
        "php": ">=8.0.0"
    },
    "platform-dev": [],
    "plugin-api-version": "2.1.0"
}
